Microsoft Visual Studio Solution File, Format Version 12.00
# Visual Studio 2012
Project("{FAE04EC0-301F-11D3-BF4B-00C04F79EFBC}") = "Terrain", "Terrain.csproj", "{856B1B0B-6E72-4D60-9403-11652EF9380D}"
EndProject
Global
	GlobalSection(SolutionConfigurationPlatforms) = preSolution
	Debug|Any CPU = Debug|Any CPU
	ExportDebug|Any CPU = ExportDebug|Any CPU
	ExportRelease|Any CPU = ExportRelease|Any CPU
	EndGlobalSection
	GlobalSection(ProjectConfigurationPlatforms) = postSolution
		{856B1B0B-6E72-4D60-9403-11652EF9380D}.Debug|Any CPU.ActiveCfg = Debug|Any CPU
		{856B1B0B-6E72-4D60-9403-11652EF9380D}.Debug|Any CPU.Build.0 = Debug|Any CPU
		{856B1B0B-6E72-4D60-9403-11652EF9380D}.ExportDebug|Any CPU.ActiveCfg = ExportDebug|Any CPU
		{856B1B0B-6E72-4D60-9403-11652EF9380D}.ExportDebug|Any CPU.Build.0 = ExportDebug|Any CPU
		{856B1B0B-6E72-4D60-9403-11652EF9380D}.ExportRelease|Any CPU.ActiveCfg = ExportRelease|Any CPU
		{856B1B0B-6E72-4D60-9403-11652EF9380D}.ExportRelease|Any CPU.Build.0 = ExportRelease|Any CPU
	EndGlobalSection
EndGlobal
